// !$*UTF8*$!
{
	archiveVersion = 1;
	classes = {
	};
	objectVersion = 50;
	objects = {

/* Begin PBXBuildFile section */
		93DAF01EFC1A3B40766D2250 /* Pods_PartnerStarter.framework in Frameworks */ = {isa = PBXBuildFile; fileRef = BD79EA2E586F5880D8C46CC0 /* Pods_PartnerStarter.framework */; };
		DCAD45342459FE6100286834 /* AppDelegate.swift in Sources */ = {isa = PBXBuildFile; fileRef = DCAD45332459FE6100286834 /* AppDelegate.swift */; };
		DCAD45362459FE6100286834 /* SceneDelegate.swift in Sources */ = {isa = PBXBuildFile; fileRef = DCAD45352459FE6100286834 /* SceneDelegate.swift */; };
		DCAD45382459FE6100286834 /* ViewController.swift in Sources */ = {isa = PBXBuildFile; fileRef = DCAD45372459FE6100286834 /* ViewController.swift */; };
		DCAD453B2459FE6100286834 /* Main.storyboard in Resources */ = {isa = PBXBuildFile; fileRef = DCAD45392459FE6100286834 /* Main.storyboard */; };
		DCAD453D2459FE6A00286834 /* Assets.xcassets in Resources */ = {isa = PBXBuildFile; fileRef = DCAD453C2459FE6A00286834 /* Assets.xcassets */; };
		DCAD45402459FE6A00286834 /* LaunchScreen.storyboard in Resources */ = {isa = PBXBuildFile; fileRef = DCAD453E2459FE6A00286834 /* LaunchScreen.storyboard */; };
		DCAD4548245A00C300286834 /* ZDCManager.swift in Sources */ = {isa = PBXBuildFile; fileRef = DCAD4547245A00C300286834 /* ZDCManager.swift */; };
/* End PBXBuildFile section */

/* Begin PBXFileReference section */
		9003D0719F1F3CC79582A589 /* Pods-PartnerStarter.release.xcconfig */ = {isa = PBXFileReference; includeInIndex = 1; lastKnownFileType = text.xcconfig; name = "Pods-PartnerStarter.release.xcconfig"; path = "Target Support Files/Pods-PartnerStarter/Pods-PartnerStarter.release.xcconfig"; sourceTree = "<group>"; };
		A34ABA8B0EC6A4F9BB785B9A /* Pods-PartnerStarter.debug.xcconfig */ = {isa = PBXFileReference; includeInIndex = 1; lastKnownFileType = text.xcconfig; name = "Pods-PartnerStarter.debug.xcconfig"; path = "Target Support Files/Pods-PartnerStarter/Pods-PartnerStarter.debug.xcconfig"; sourceTree = "<group>"; };
		BD79EA2E586F5880D8C46CC0 /* Pods_PartnerStarter.framework */ = {isa = PBXFileReference; explicitFileType = wrapper.framework; includeInIndex = 0; path = Pods_PartnerStarter.framework; sourceTree = BUILT_PRODUCTS_DIR; };
		DCAD45302459FE6100286834 /* PartnerStarter.app */ = {isa = PBXFileReference; explicitFileType = wrapper.application; includeInIndex = 0; path = PartnerStarter.app; sourceTree = BUILT_PRODUCTS_DIR; };
		DCAD45332459FE6100286834 /* AppDelegate.swift */ = {isa = PBXFileReference; lastKnownFileType = sourcecode.swift; path = AppDelegate.swift; sourceTree = "<group>"; };
		DCAD45352459FE6100286834 /* SceneDelegate.swift */ = {isa = PBXFileReference; lastKnownFileType = sourcecode.swift; path = SceneDelegate.swift; sourceTree = "<group>"; };
		DCAD45372459FE6100286834 /* ViewController.swift */ = {isa = PBXFileReference; lastKnownFileType = sourcecode.swift; path = ViewController.swift; sourceTree = "<group>"; };
		DCAD453A2459FE6100286834 /* Base */ = {isa = PBXFileReference; lastKnownFileType = file.storyboard; name = Base; path = Base.lproj/Main.storyboard; sourceTree = "<group>"; };
		DCAD453C2459FE6A00286834 /* Assets.xcassets */ = {isa = PBXFileReference; lastKnownFileType = folder.assetcatalog; path = Assets.xcassets; sourceTree = "<group>"; };
		DCAD453F2459FE6A00286834 /* Base */ = {isa = PBXFileReference; lastKnownFileType = file.storyboard; name = Base; path = Base.lproj/LaunchScreen.storyboard; sourceTree = "<group>"; };
		DCAD45412459FE6A00286834 /* Info.plist */ = {isa = PBXFileReference; lastKnownFileType = text.plist.xml; path = Info.plist; sourceTree = "<group>"; };
		DCAD4547245A00C300286834 /* ZDCManager.swift */ = {isa = PBXFileReference; lastKnownFileType = sourcecode.swift; path = ZDCManager.swift; sourceTree = "<group>"; };
/* End PBXFileReference section */

/* Begin PBXFrameworksBuildPhase section */
		DCAD452D2459FE6100286834 /* Frameworks */ = {
			isa = PBXFrameworksBuildPhase;
			buildActionMask = 2147483647;
			files = (
				93DAF01EFC1A3B40766D2250 /* Pods_PartnerStarter.framework in Frameworks */,
			);
			runOnlyForDeploymentPostprocessing = 0;
		};
/* End PBXFrameworksBuildPhase section */

/* Begin PBXGroup section */
		AFE67FFB16DE85B1D5C17BA1 /* Pods */ = {
			isa = PBXGroup;
			children = (
				A34ABA8B0EC6A4F9BB785B9A /* Pods-PartnerStarter.debug.xcconfig */,
				9003D0719F1F3CC79582A589 /* Pods-PartnerStarter.release.xcconfig */,
			);
			path = Pods;
			sourceTree = "<group>";
		};
		DCAD45272459FE6100286834 = {
			isa = PBXGroup;
			children = (
				DCAD45322459FE6100286834 /* PartnerStarter */,
				DCAD45312459FE6100286834 /* Products */,
				AFE67FFB16DE85B1D5C17BA1 /* Pods */,
				E6835EEE140001002E6510D5 /* Frameworks */,
			);
			sourceTree = "<group>";
		};
		DCAD45312459FE6100286834 /* Products */ = {
			isa = PBXGroup;
			children = (
				DCAD45302459FE6100286834 /* PartnerStarter.app */,
			);
			name = Products;
			sourceTree = "<group>";
		};
		DCAD45322459FE6100286834 /* PartnerStarter */ = {
			isa = PBXGroup;
			children = (
				DCAD45332459FE6100286834 /* AppDelegate.swift */,
				DCAD45352459FE6100286834 /* SceneDelegate.swift */,
				DCAD45372459FE6100286834 /* ViewController.swift */,
				DCAD4547245A00C300286834 /* ZDCManager.swift */,
				DCAD45392459FE6100286834 /* Main.storyboard */,
				DCAD453C2459FE6A00286834 /* Assets.xcassets */,
				DCAD453E2459FE6A00286834 /* LaunchScreen.storyboard */,
				DCAD45412459FE6A00286834 /* Info.plist */,
			);
			path = PartnerStarter;
			sourceTree = "<group>";
		};
		E6835EEE140001002E6510D5 /* Frameworks */ = {
			isa = PBXGroup;
			children = (
				BD79EA2E586F5880D8C46CC0 /* Pods_PartnerStarter.framework */,
			);
			name = Frameworks;
			sourceTree = "<group>";
		};
/* End PBXGroup section */

/* Begin PBXNativeTarget section */
		DCAD452F2459FE6100286834 /* PartnerStarter */ = {
			isa = PBXNativeTarget;
			buildConfigurationList = DCAD45442459FE6A00286834 /* Build configuration list for PBXNativeTarget "PartnerStarter" */;
			buildPhases = (
				E87B0E278055458CBF0A26C6 /* [CP] Check Pods Manifest.lock */,
				DCAD452C2459FE6100286834 /* Sources */,
				DCAD452D2459FE6100286834 /* Frameworks */,
				DCAD452E2459FE6100286834 /* Resources */,
				87B3BFB5C51B40B0DA16535E /* [CP] Embed Pods Frameworks */,
			);
			buildRules = (
			);
			dependencies = (
			);
			name = PartnerStarter;
			productName = PartnerStarter;
			productReference = DCAD45302459FE6100286834 /* PartnerStarter.app */;
			productType = "com.apple.product-type.application";
		};
/* End PBXNativeTarget section */

/* Begin PBXProject section */
		DCAD45282459FE6100286834 /* Project object */ = {
			isa = PBXProject;
			attributes = {
				LastSwiftUpdateCheck = 1140;
				LastUpgradeCheck = 1140;
				ORGANIZATIONNAME = "ZeroDark Cooperative";
				TargetAttributes = {
					DCAD452F2459FE6100286834 = {
						CreatedOnToolsVersion = 11.4.1;
					};
				};
			};
			buildConfigurationList = DCAD452B2459FE6100286834 /* Build configuration list for PBXProject "PartnerStarter" */;
			compatibilityVersion = "Xcode 9.3";
			developmentRegion = en;
			hasScannedForEncodings = 0;
			knownRegions = (
				en,
				Base,
			);
			mainGroup = DCAD45272459FE6100286834;
			productRefGroup = DCAD45312459FE6100286834 /* Products */;
			projectDirPath = "";
			projectRoot = "";
			targets = (
				DCAD452F2459FE6100286834 /* PartnerStarter */,
			);
		};
/* End PBXProject section */

/* Begin PBXResourcesBuildPhase section */
		DCAD452E2459FE6100286834 /* Resources */ = {
			isa = PBXResourcesBuildPhase;
			buildActionMask = 2147483647;
			files = (
				DCAD45402459FE6A00286834 /* LaunchScreen.storyboard in Resources */,
				DCAD453D2459FE6A00286834 /* Assets.xcassets in Resources */,
				DCAD453B2459FE6100286834 /* Main.storyboard in Resources */,
			);
			runOnlyForDeploymentPostprocessing = 0;
		};
/* End PBXResourcesBuildPhase section */

/* Begin PBXShellScriptBuildPhase section */
		87B3BFB5C51B40B0DA16535E /* [CP] Embed Pods Frameworks */ = {
			isa = PBXShellScriptBuildPhase;
			buildActionMask = 2147483647;
			files = (
			);
			inputFileListPaths = (
			);
			name = "[CP] Embed Pods Frameworks";
			outputFileListPaths = (
			);
			runOnlyForDeploymentPostprocessing = 0;
			shellPath = /bin/sh;
			shellScript = "\"${PODS_ROOT}/Target Support Files/Pods-PartnerStarter/Pods-PartnerStarter-frameworks.sh\"\n";
			showEnvVarsInLog = 0;
		};
		E87B0E278055458CBF0A26C6 /* [CP] Check Pods Manifest.lock */ = {
			isa = PBXShellScriptBuildPhase;
			buildActionMask = 2147483647;
			files = (
			);
			inputFileListPaths = (
			);
			inputPaths = (
				"${PODS_PODFILE_DIR_PATH}/Podfile.lock",
				"${PODS_ROOT}/Manifest.lock",
			);
			name = "[CP] Check Pods Manifest.lock";
			outputFileListPaths = (
			);
			outputPaths = (
				"$(DERIVED_FILE_DIR)/Pods-PartnerStarter-checkManifestLockResult.txt",
			);
			runOnlyForDeploymentPostprocessing = 0;
			shellPath = /bin/sh;
			shellScript = "diff \"${PODS_PODFILE_DIR_PATH}/Podfile.lock\" \"${PODS_ROOT}/Manifest.lock\" > /dev/null\nif [ $? != 0 ] ; then\n    # print error to STDERR\n    echo \"error: The sandbox is not in sync with the Podfile.lock. Run 'pod install' or update your CocoaPods installation.\" >&2\n    exit 1\nfi\n# This output is used by Xcode 'outputs' to avoid re-running this script phase.\necho \"SUCCESS\" > \"${SCRIPT_OUTPUT_FILE_0}\"\n";
			showEnvVarsInLog = 0;
		};
/* End PBXShellScriptBuildPhase section */

/* Begin PBXSourcesBuildPhase section */
		DCAD452C2459FE6100286834 /* Sources */ = {
			isa = PBXSourcesBuildPhase;
			buildActionMask = 2147483647;
			files = (
				DCAD45382459FE6100286834 /* ViewController.swift in Sources */,
				DCAD45342459FE6100286834 /* AppDelegate.swift in Sources */,
				DCAD45362459FE6100286834 /* SceneDelegate.swift in Sources */,
				DCAD4548245A00C300286834 /* ZDCManager.swift in Sources */,
			);
			runOnlyForDeploymentPostprocessing = 0;
		};
/* End PBXSourcesBuildPhase section */

/* Begin PBXVariantGroup section */
		DCAD45392459FE6100286834 /* Main.storyboard */ = {
			isa = PBXVariantGroup;
			children = (
				DCAD453A2459FE6100286834 /* Base */,
			);
			name = Main.storyboard;
			sourceTree = "<group>";
		};
		DCAD453E2459FE6A00286834 /* LaunchScreen.storyboard */ = {
			isa = PBXVariantGroup;
			children = (
				DCAD453F2459FE6A00286834 /* Base */,
			);
			name = LaunchScreen.storyboard;
			sourceTree = "<group>";
		};
/* End PBXVariantGroup section */

/* Begin XCBuildConfiguration section */
		DCAD45422459FE6A00286834 /* Debug */ = {
			isa = XCBuildConfiguration;
			buildSettings = {
				ALWAYS_SEARCH_USER_PATHS = NO;
				CLANG_ANALYZER_NONNULL = YES;
				CLANG_ANALYZER_NUMBER_OBJECT_CONVERSION = YES_AGGRESSIVE;
				CLANG_CXX_LANGUAGE_STANDARD = "gnu++14";
				CLANG_CXX_LIBRARY = "libc++";
				CLANG_ENABLE_MODULES = YES;
				CLANG_ENABLE_OBJC_ARC = YES;
				CLANG_ENABLE_OBJC_WEAK = YES;
				CLANG_WARN_BLOCK_CAPTURE_AUTORELEASING = YES;
				CLANG_WARN_BOOL_CONVERSION = YES;
				CLANG_WARN_COMMA = YES;
				CLANG_WARN_CONSTANT_CONVERSION = YES;
				CLANG_WARN_DEPRECATED_OBJC_IMPLEMENTATIONS = YES;
				CLANG_WARN_DIRECT_OBJC_ISA_USAGE = YES_ERROR;
				CLANG_WARN_DOCUMENTATION_COMMENTS = YES;
				CLANG_WARN_EMPTY_BODY = YES;
				CLANG_WARN_ENUM_CONVERSION = YES;
				CLANG_WARN_INFINITE_RECURSION = YES;
				CLANG_WARN_INT_CONVERSION = YES;
				CLANG_WARN_NON_LITERAL_NULL_CONVERSION = YES;
				CLANG_WARN_OBJC_IMPLICIT_RETAIN_SELF = YES;
				CLANG_WARN_OBJC_LITERAL_CONVERSION = YES;
				CLANG_WARN_OBJC_ROOT_CLASS = YES_ERROR;
				CLANG_WARN_RANGE_LOOP_ANALYSIS = YES;
				CLANG_WARN_STRICT_PROTOTYPES = YES;
				CLANG_WARN_SUSPICIOUS_MOVE = YES;
				CLANG_WARN_UNGUARDED_AVAILABILITY = YES_AGGRESSIVE;
				CLANG_WARN_UNREACHABLE_CODE = YES;
				CLANG_WARN__DUPLICATE_METHOD_MATCH = YES;
				COPY_PHASE_STRIP = NO;
				DEBUG_INFORMATION_FORMAT = dwarf;
				ENABLE_STRICT_OBJC_MSGSEND = YES;
				ENABLE_TESTABILITY = YES;
				GCC_C_LANGUAGE_STANDARD = gnu11;
				GCC_DYNAMIC_NO_PIC = NO;
				GCC_NO_COMMON_BLOCKS = YES;
				GCC_OPTIMIZATION_LEVEL = 0;
				GCC_PREPROCESSOR_DEFINITIONS = (
					"DEBUG=1",
					"$(inherited)",
				);
				GCC_WARN_64_TO_32_BIT_CONVERSION = YES;
				GCC_WARN_ABOUT_RETURN_TYPE = YES_ERROR;
				GCC_WARN_UNDECLARED_SELECTOR = YES;
				GCC_WARN_UNINITIALIZED_AUTOS = YES_AGGRESSIVE;
				GCC_WARN_UNUSED_FUNCTION = YES;
				GCC_WARN_UNUSED_VARIABLE = YES;
				IPHONEOS_DEPLOYMENT_TARGET = 13.4;
				MTL_ENABLE_DEBUG_INFO = INCLUDE_SOURCE;
				MTL_FAST_MATH = YES;
				ONLY_ACTIVE_ARCH = YES;
				SDKROOT = iphoneos;
				SWIFT_ACTIVE_COMPILATION_CONDITIONS = DEBUG;
				SWIFT_OPTIMIZATION_LEVEL = "-Onone";
			};
			name = Debug;
		};
		DCAD45432459FE6A00286834 /* Release */ = {
			isa = XCBuildConfiguration;
			buildSettings = {
				ALWAYS_SEARCH_USER_PATHS = NO;
				CLANG_ANALYZER_NONNULL = YES;
				CLANG_ANALYZER_NUMBER_OBJECT_CONVERSION = YES_AGGRESSIVE;
				CLANG_CXX_LANGUAGE_STANDARD = "gnu++14";
				CLANG_CXX_LIBRARY = "libc++";
				CLANG_ENABLE_MODULES = YES;
				CLANG_ENABLE_OBJC_ARC = YES;
				CLANG_ENABLE_OBJC_WEAK = YES;
				CLANG_WARN_BLOCK_CAPTURE_AUTORELEASING = YES;
				CLANG_WARN_BOOL_CONVERSION = YES;
				CLANG_WARN_COMMA = YES;
				CLANG_WARN_CONSTANT_CONVERSION = YES;
				CLANG_WARN_DEPRECATED_OBJC_IMPLEMENTATIONS = YES;
				CLANG_WARN_DIRECT_OBJC_ISA_USAGE = YES_ERROR;
				CLANG_WARN_DOCUMENTATION_COMMENTS = YES;
				CLANG_WARN_EMPTY_BODY = YES;
				CLANG_WARN_ENUM_CONVERSION = YES;
				CLANG_WARN_INFINITE_RECURSION = YES;
				CLANG_WARN_INT_CONVERSION = YES;
				CLANG_WARN_NON_LITERAL_NULL_CONVERSION = YES;
				CLANG_WARN_OBJC_IMPLICIT_RETAIN_SELF = YES;
				CLANG_WARN_OBJC_LITERAL_CONVERSION = YES;
				CLANG_WARN_OBJC_ROOT_CLASS = YES_ERROR;
				CLANG_WARN_RANGE_LOOP_ANALYSIS = YES;
				CLANG_WARN_STRICT_PROTOTYPES = YES;
				CLANG_WARN_SUSPICIOUS_MOVE = YES;
				CLANG_WARN_UNGUARDED_AVAILABILITY = YES_AGGRESSIVE;
				CLANG_WARN_UNREACHABLE_CODE = YES;
				CLANG_WARN__DUPLICATE_METHOD_MATCH = YES;
				COPY_PHASE_STRIP = NO;
				DEBUG_INFORMATION_FORMAT = "dwarf-with-dsym";
				ENABLE_NS_ASSERTIONS = NO;
				ENABLE_STRICT_OBJC_MSGSEND = YES;
				GCC_C_LANGUAGE_STANDARD = gnu11;
				GCC_NO_COMMON_BLOCKS = YES;
				GCC_WARN_64_TO_32_BIT_CONVERSION = YES;
				GCC_WARN_ABOUT_RETURN_TYPE = YES_ERROR;
				GCC_WARN_UNDECLARED_SELECTOR = YES;
				GCC_WARN_UNINITIALIZED_AUTOS = YES_AGGRESSIVE;
				GCC_WARN_UNUSED_FUNCTION = YES;
				GCC_WARN_UNUSED_VARIABLE = YES;
				IPHONEOS_DEPLOYMENT_TARGET = 13.4;
				MTL_ENABLE_DEBUG_INFO = NO;
				MTL_FAST_MATH = YES;
				SDKROOT = iphoneos;
				SWIFT_COMPILATION_MODE = wholemodule;
				SWIFT_OPTIMIZATION_LEVEL = "-O";
				VALIDATE_PRODUCT = YES;
			};
			name = Release;
		};
		DCAD45452459FE6A00286834 /* Debug */ = {
			isa = XCBuildConfiguration;
			baseConfigurationReference = A34ABA8B0EC6A4F9BB785B9A /* Pods-PartnerStarter.debug.xcconfig */;
			buildSettings = {
				ASSETCATALOG_COMPILER_APPICON_NAME = AppIcon;
				CODE_SIGN_STYLE = Automatic;
				DEVELOPMENT_TEAM = VT5GYGYX83;
				INFOPLIST_FILE = PartnerStarter/Info.plist;
				LD_RUNPATH_SEARCH_PATHS = (
					"$(inherited)",
					"@executable_path/Frameworks",
				);
				PRODUCT_BUNDLE_IDENTIFIER = "com.4th-a.PartnerStarter";
				PRODUCT_NAME = "$(TARGET_NAME)";
				SWIFT_VERSION = 5.0;
				TARGETED_DEVICE_FAMILY = 1;
			};
			name = Debug;
		};
		DCAD45462459FE6A00286834 /* Release */ = {
			isa = XCBuildConfiguration;
			baseConfigurationReference = 9003D0719F1F3CC79582A589 /* Pods-PartnerStarter.release.xcconfig */;
			buildSettings = {
				ASSETCATALOG_COMPILER_APPICON_NAME = AppIcon;
				CODE_SIGN_STYLE = Automatic;
				DEVELOPMENT_TEAM = VT5GYGYX83;
				INFOPLIST_FILE = PartnerStarter/Info.plist;
				LD_RUNPATH_SEARCH_PATHS = (
					"$(inherited)",
					"@executable_path/Frameworks",
				);
				PRODUCT_BUNDLE_IDENTIFIER = "com.4th-a.PartnerStarter";
				PRODUCT_NAME = "$(TARGET_NAME)";
				SWIFT_VERSION = 5.0;
				TARGETED_DEVICE_FAMILY = 1;
			};
			name = Release;
		};
/* End XCBuildConfiguration section */

/* Begin XCConfigurationList section */
		DCAD452B2459FE6100286834 /* Build configuration list for PBXProject "PartnerStarter" */ = {
			isa = XCConfigurationList;
			buildConfigurations = (
				DCAD45422459FE6A00286834 /* Debug */,
				DCAD45432459FE6A00286834 /* Release */,
			);
			defaultConfigurationIsVisible = 0;
			defaultConfigurationName = Release;
		};
		DCAD45442459FE6A00286834 /* Build configuration list for PBXNativeTarget "PartnerStarter" */ = {
			isa = XCConfigurationList;
			buildConfigurations = (
				DCAD45452459FE6A00286834 /* Debug */,
				DCAD45462459FE6A00286834 /* Release */,
			);
			defaultConfigurationIsVisible = 0;
			defaultConfigurationName = Release;
		};
/* End XCConfigurationList section */
	};
	rootObject = DCAD45282459FE6100286834 /* Project object */;
}
