// !$*UTF8*$!
{
	archiveVersion = 1;
	classes = {
	};
	objectVersion = 50;
	objects = {

/* Begin PBXBuildFile section */
		2E073396228C7C5A00AA9F34 /* AppDelegate.swift in Sources */ = {isa = PBXBuildFile; fileRef = 2E073395228C7C5A00AA9F34 /* AppDelegate.swift */; };
		2E073398228C7C5A00AA9F34 /* ViewController.swift in Sources */ = {isa = PBXBuildFile; fileRef = 2E073397228C7C5A00AA9F34 /* ViewController.swift */; };
		2E07339B228C7C5A00AA9F34 /* Main.storyboard in Resources */ = {isa = PBXBuildFile; fileRef = 2E073399228C7C5A00AA9F34 /* Main.storyboard */; };
		2E07339D228C7C5C00AA9F34 /* Assets.xcassets in Resources */ = {isa = PBXBuildFile; fileRef = 2E07339C228C7C5C00AA9F34 /* Assets.xcassets */; };
		2E0733A0228C7C5C00AA9F34 /* LaunchScreen.storyboard in Resources */ = {isa = PBXBuildFile; fileRef = 2E07339E228C7C5C00AA9F34 /* LaunchScreen.storyboard */; };
		EDAB8854BCECD319DBF36135 /* Pods_ios_DatabaseKey.framework in Frameworks */ = {isa = PBXBuildFile; fileRef = 3C77073A0C337763D0FF8120 /* Pods_ios_DatabaseKey.framework */; };
/* End PBXBuildFile section */

/* Begin PBXFileReference section */
		2E073392228C7C5A00AA9F34 /* DatabaseKey.app */ = {isa = PBXFileReference; explicitFileType = wrapper.application; includeInIndex = 0; path = DatabaseKey.app; sourceTree = BUILT_PRODUCTS_DIR; };
		2E073395228C7C5A00AA9F34 /* AppDelegate.swift */ = {isa = PBXFileReference; lastKnownFileType = sourcecode.swift; path = AppDelegate.swift; sourceTree = "<group>"; };
		2E073397228C7C5A00AA9F34 /* ViewController.swift */ = {isa = PBXFileReference; lastKnownFileType = sourcecode.swift; path = ViewController.swift; sourceTree = "<group>"; };
		2E07339A228C7C5A00AA9F34 /* Base */ = {isa = PBXFileReference; lastKnownFileType = file.storyboard; name = Base; path = Base.lproj/Main.storyboard; sourceTree = "<group>"; };
		2E07339C228C7C5C00AA9F34 /* Assets.xcassets */ = {isa = PBXFileReference; lastKnownFileType = folder.assetcatalog; path = Assets.xcassets; sourceTree = "<group>"; };
		2E07339F228C7C5C00AA9F34 /* Base */ = {isa = PBXFileReference; lastKnownFileType = file.storyboard; name = Base; path = Base.lproj/LaunchScreen.storyboard; sourceTree = "<group>"; };
		2E0733A1228C7C5C00AA9F34 /* Info.plist */ = {isa = PBXFileReference; lastKnownFileType = text.plist.xml; path = Info.plist; sourceTree = "<group>"; };
		3B9AA91BAE42D742E63F136E /* Pods-ios-DatabaseKey.release.xcconfig */ = {isa = PBXFileReference; includeInIndex = 1; lastKnownFileType = text.xcconfig; name = "Pods-ios-DatabaseKey.release.xcconfig"; path = "Target Support Files/Pods-ios-DatabaseKey/Pods-ios-DatabaseKey.release.xcconfig"; sourceTree = "<group>"; };
		3C77073A0C337763D0FF8120 /* Pods_ios_DatabaseKey.framework */ = {isa = PBXFileReference; explicitFileType = wrapper.framework; includeInIndex = 0; path = Pods_ios_DatabaseKey.framework; sourceTree = BUILT_PRODUCTS_DIR; };
		8B3120238DAE957E4BCB8CC1 /* Pods-ios-DatabaseKey.debug.xcconfig */ = {isa = PBXFileReference; includeInIndex = 1; lastKnownFileType = text.xcconfig; name = "Pods-ios-DatabaseKey.debug.xcconfig"; path = "Target Support Files/Pods-ios-DatabaseKey/Pods-ios-DatabaseKey.debug.xcconfig"; sourceTree = "<group>"; };
/* End PBXFileReference section */

/* Begin PBXFrameworksBuildPhase section */
		2E07338F228C7C5A00AA9F34 /* Frameworks */ = {
			isa = PBXFrameworksBuildPhase;
			buildActionMask = 2147483647;
			files = (
				EDAB8854BCECD319DBF36135 /* Pods_ios_DatabaseKey.framework in Frameworks */,
			);
			runOnlyForDeploymentPostprocessing = 0;
		};
/* End PBXFrameworksBuildPhase section */

/* Begin PBXGroup section */
		264084A7FE5120ADBCF72C2C /* Frameworks */ = {
			isa = PBXGroup;
			children = (
				3C77073A0C337763D0FF8120 /* Pods_ios_DatabaseKey.framework */,
			);
			name = Frameworks;
			sourceTree = "<group>";
		};
		2E073389228C7C5A00AA9F34 = {
			isa = PBXGroup;
			children = (
				2E073394228C7C5A00AA9F34 /* DatabaseKey */,
				2E073393228C7C5A00AA9F34 /* Products */,
				A1962D936317FFBB286D897A /* Pods */,
				264084A7FE5120ADBCF72C2C /* Frameworks */,
			);
			sourceTree = "<group>";
		};
		2E073393228C7C5A00AA9F34 /* Products */ = {
			isa = PBXGroup;
			children = (
				2E073392228C7C5A00AA9F34 /* DatabaseKey.app */,
			);
			name = Products;
			sourceTree = "<group>";
		};
		2E073394228C7C5A00AA9F34 /* DatabaseKey */ = {
			isa = PBXGroup;
			children = (
				2E073395228C7C5A00AA9F34 /* AppDelegate.swift */,
				2E073397228C7C5A00AA9F34 /* ViewController.swift */,
				2E073399228C7C5A00AA9F34 /* Main.storyboard */,
				2E07339C228C7C5C00AA9F34 /* Assets.xcassets */,
				2E07339E228C7C5C00AA9F34 /* LaunchScreen.storyboard */,
				2E0733A1228C7C5C00AA9F34 /* Info.plist */,
			);
			path = DatabaseKey;
			sourceTree = "<group>";
		};
		A1962D936317FFBB286D897A /* Pods */ = {
			isa = PBXGroup;
			children = (
				8B3120238DAE957E4BCB8CC1 /* Pods-ios-DatabaseKey.debug.xcconfig */,
				3B9AA91BAE42D742E63F136E /* Pods-ios-DatabaseKey.release.xcconfig */,
			);
			name = Pods;
			path = Pods;
			sourceTree = "<group>";
		};
/* End PBXGroup section */

/* Begin PBXNativeTarget section */
		2E073391228C7C5A00AA9F34 /* DatabaseKey */ = {
			isa = PBXNativeTarget;
			buildConfigurationList = 2E0733A4228C7C5C00AA9F34 /* Build configuration list for PBXNativeTarget "DatabaseKey" */;
			buildPhases = (
				8B2D64093F915C455163963A /* [CP] Check Pods Manifest.lock */,
				2E07338E228C7C5A00AA9F34 /* Sources */,
				2E07338F228C7C5A00AA9F34 /* Frameworks */,
				2E073390228C7C5A00AA9F34 /* Resources */,
				8A61E98F78478F0C917B8171 /* [CP] Embed Pods Frameworks */,
			);
			buildRules = (
			);
			dependencies = (
			);
			name = DatabaseKey;
			productName = DatabaseKey;
			productReference = 2E073392228C7C5A00AA9F34 /* DatabaseKey.app */;
			productType = "com.apple.product-type.application";
		};
/* End PBXNativeTarget section */

/* Begin PBXProject section */
		2E07338A228C7C5A00AA9F34 /* Project object */ = {
			isa = PBXProject;
			attributes = {
				LastSwiftUpdateCheck = 1020;
				LastUpgradeCheck = 1020;
				ORGANIZATIONNAME = "Vincent Moscaritolo";
				TargetAttributes = {
					2E073391228C7C5A00AA9F34 = {
						CreatedOnToolsVersion = 10.2.1;
					};
				};
			};
			buildConfigurationList = 2E07338D228C7C5A00AA9F34 /* Build configuration list for PBXProject "DatabaseKey" */;
			compatibilityVersion = "Xcode 9.3";
			developmentRegion = en;
			hasScannedForEncodings = 0;
			knownRegions = (
				en,
				Base,
			);
			mainGroup = 2E073389228C7C5A00AA9F34;
			productRefGroup = 2E073393228C7C5A00AA9F34 /* Products */;
			projectDirPath = "";
			projectRoot = "";
			targets = (
				2E073391228C7C5A00AA9F34 /* DatabaseKey */,
			);
		};
/* End PBXProject section */

/* Begin PBXResourcesBuildPhase section */
		2E073390228C7C5A00AA9F34 /* Resources */ = {
			isa = PBXResourcesBuildPhase;
			buildActionMask = 2147483647;
			files = (
				2E0733A0228C7C5C00AA9F34 /* LaunchScreen.storyboard in Resources */,
				2E07339D228C7C5C00AA9F34 /* Assets.xcassets in Resources */,
				2E07339B228C7C5A00AA9F34 /* Main.storyboard in Resources */,
			);
			runOnlyForDeploymentPostprocessing = 0;
		};
/* End PBXResourcesBuildPhase section */

/* Begin PBXShellScriptBuildPhase section */
		8A61E98F78478F0C917B8171 /* [CP] Embed Pods Frameworks */ = {
			isa = PBXShellScriptBuildPhase;
			buildActionMask = 2147483647;
			files = (
			);
			inputFileListPaths = (
			);
			name = "[CP] Embed Pods Frameworks";
			outputFileListPaths = (
			);
			runOnlyForDeploymentPostprocessing = 0;
			shellPath = /bin/sh;
			shellScript = "\"${PODS_ROOT}/Target Support Files/Pods-ios-DatabaseKey/Pods-ios-DatabaseKey-frameworks.sh\"\n";
			showEnvVarsInLog = 0;
		};
		8B2D64093F915C455163963A /* [CP] Check Pods Manifest.lock */ = {
			isa = PBXShellScriptBuildPhase;
			buildActionMask = 2147483647;
			files = (
			);
			inputFileListPaths = (
			);
			inputPaths = (
				"${PODS_PODFILE_DIR_PATH}/Podfile.lock",
				"${PODS_ROOT}/Manifest.lock",
			);
			name = "[CP] Check Pods Manifest.lock";
			outputFileListPaths = (
			);
			outputPaths = (
				"$(DERIVED_FILE_DIR)/Pods-ios-DatabaseKey-checkManifestLockResult.txt",
			);
			runOnlyForDeploymentPostprocessing = 0;
			shellPath = /bin/sh;
			shellScript = "diff \"${PODS_PODFILE_DIR_PATH}/Podfile.lock\" \"${PODS_ROOT}/Manifest.lock\" > /dev/null\nif [ $? != 0 ] ; then\n    # print error to STDERR\n    echo \"error: The sandbox is not in sync with the Podfile.lock. Run 'pod install' or update your CocoaPods installation.\" >&2\n    exit 1\nfi\n# This output is used by Xcode 'outputs' to avoid re-running this script phase.\necho \"SUCCESS\" > \"${SCRIPT_OUTPUT_FILE_0}\"\n";
			showEnvVarsInLog = 0;
		};
/* End PBXShellScriptBuildPhase section */

/* Begin PBXSourcesBuildPhase section */
		2E07338E228C7C5A00AA9F34 /* Sources */ = {
			isa = PBXSourcesBuildPhase;
			buildActionMask = 2147483647;
			files = (
				2E073398228C7C5A00AA9F34 /* ViewController.swift in Sources */,
				2E073396228C7C5A00AA9F34 /* AppDelegate.swift in Sources */,
			);
			runOnlyForDeploymentPostprocessing = 0;
		};
/* End PBXSourcesBuildPhase section */

/* Begin PBXVariantGroup section */
		2E073399228C7C5A00AA9F34 /* Main.storyboard */ = {
			isa = PBXVariantGroup;
			children = (
				2E07339A228C7C5A00AA9F34 /* Base */,
			);
			name = Main.storyboard;
			sourceTree = "<group>";
		};
		2E07339E228C7C5C00AA9F34 /* LaunchScreen.storyboard */ = {
			isa = PBXVariantGroup;
			children = (
				2E07339F228C7C5C00AA9F34 /* Base */,
			);
			name = LaunchScreen.storyboard;
			sourceTree = "<group>";
		};
/* End PBXVariantGroup section */

/* Begin XCBuildConfiguration section */
		2E0733A2228C7C5C00AA9F34 /* Debug */ = {
			isa = XCBuildConfiguration;
			buildSettings = {
				ALWAYS_SEARCH_USER_PATHS = NO;
				CLANG_ANALYZER_NONNULL = YES;
				CLANG_ANALYZER_NUMBER_OBJECT_CONVERSION = YES_AGGRESSIVE;
				CLANG_CXX_LANGUAGE_STANDARD = "gnu++14";
				CLANG_CXX_LIBRARY = "libc++";
				CLANG_ENABLE_MODULES = YES;
				CLANG_ENABLE_OBJC_ARC = YES;
				CLANG_ENABLE_OBJC_WEAK = YES;
				CLANG_WARN_BLOCK_CAPTURE_AUTORELEASING = YES;
				CLANG_WARN_BOOL_CONVERSION = YES;
				CLANG_WARN_COMMA = YES;
				CLANG_WARN_CONSTANT_CONVERSION = YES;
				CLANG_WARN_DEPRECATED_OBJC_IMPLEMENTATIONS = YES;
				CLANG_WARN_DIRECT_OBJC_ISA_USAGE = YES_ERROR;
				CLANG_WARN_DOCUMENTATION_COMMENTS = YES;
				CLANG_WARN_EMPTY_BODY = YES;
				CLANG_WARN_ENUM_CONVERSION = YES;
				CLANG_WARN_INFINITE_RECURSION = YES;
				CLANG_WARN_INT_CONVERSION = YES;
				CLANG_WARN_NON_LITERAL_NULL_CONVERSION = YES;
				CLANG_WARN_OBJC_IMPLICIT_RETAIN_SELF = YES;
				CLANG_WARN_OBJC_LITERAL_CONVERSION = YES;
				CLANG_WARN_OBJC_ROOT_CLASS = YES_ERROR;
				CLANG_WARN_RANGE_LOOP_ANALYSIS = YES;
				CLANG_WARN_STRICT_PROTOTYPES = YES;
				CLANG_WARN_SUSPICIOUS_MOVE = YES;
				CLANG_WARN_UNGUARDED_AVAILABILITY = YES_AGGRESSIVE;
				CLANG_WARN_UNREACHABLE_CODE = YES;
				CLANG_WARN__DUPLICATE_METHOD_MATCH = YES;
				CODE_SIGN_IDENTITY = "iPhone Developer";
				COPY_PHASE_STRIP = NO;
				DEBUG_INFORMATION_FORMAT = dwarf;
				ENABLE_STRICT_OBJC_MSGSEND = YES;
				ENABLE_TESTABILITY = YES;
				GCC_C_LANGUAGE_STANDARD = gnu11;
				GCC_DYNAMIC_NO_PIC = NO;
				GCC_NO_COMMON_BLOCKS = YES;
				GCC_OPTIMIZATION_LEVEL = 0;
				GCC_PREPROCESSOR_DEFINITIONS = (
					"DEBUG=1",
					"$(inherited)",
				);
				GCC_WARN_64_TO_32_BIT_CONVERSION = YES;
				GCC_WARN_ABOUT_RETURN_TYPE = YES_ERROR;
				GCC_WARN_UNDECLARED_SELECTOR = YES;
				GCC_WARN_UNINITIALIZED_AUTOS = YES_AGGRESSIVE;
				GCC_WARN_UNUSED_FUNCTION = YES;
				GCC_WARN_UNUSED_VARIABLE = YES;
				IPHONEOS_DEPLOYMENT_TARGET = 12.2;
				MTL_ENABLE_DEBUG_INFO = INCLUDE_SOURCE;
				MTL_FAST_MATH = YES;
				ONLY_ACTIVE_ARCH = YES;
				SDKROOT = iphoneos;
				SWIFT_ACTIVE_COMPILATION_CONDITIONS = DEBUG;
				SWIFT_OPTIMIZATION_LEVEL = "-Onone";
			};
			name = Debug;
		};
		2E0733A3228C7C5C00AA9F34 /* Release */ = {
			isa = XCBuildConfiguration;
			buildSettings = {
				ALWAYS_SEARCH_USER_PATHS = NO;
				CLANG_ANALYZER_NONNULL = YES;
				CLANG_ANALYZER_NUMBER_OBJECT_CONVERSION = YES_AGGRESSIVE;
				CLANG_CXX_LANGUAGE_STANDARD = "gnu++14";
				CLANG_CXX_LIBRARY = "libc++";
				CLANG_ENABLE_MODULES = YES;
				CLANG_ENABLE_OBJC_ARC = YES;
				CLANG_ENABLE_OBJC_WEAK = YES;
				CLANG_WARN_BLOCK_CAPTURE_AUTORELEASING = YES;
				CLANG_WARN_BOOL_CONVERSION = YES;
				CLANG_WARN_COMMA = YES;
				CLANG_WARN_CONSTANT_CONVERSION = YES;
				CLANG_WARN_DEPRECATED_OBJC_IMPLEMENTATIONS = YES;
				CLANG_WARN_DIRECT_OBJC_ISA_USAGE = YES_ERROR;
				CLANG_WARN_DOCUMENTATION_COMMENTS = YES;
				CLANG_WARN_EMPTY_BODY = YES;
				CLANG_WARN_ENUM_CONVERSION = YES;
				CLANG_WARN_INFINITE_RECURSION = YES;
				CLANG_WARN_INT_CONVERSION = YES;
				CLANG_WARN_NON_LITERAL_NULL_CONVERSION = YES;
				CLANG_WARN_OBJC_IMPLICIT_RETAIN_SELF = YES;
				CLANG_WARN_OBJC_LITERAL_CONVERSION = YES;
				CLANG_WARN_OBJC_ROOT_CLASS = YES_ERROR;
				CLANG_WARN_RANGE_LOOP_ANALYSIS = YES;
				CLANG_WARN_STRICT_PROTOTYPES = YES;
				CLANG_WARN_SUSPICIOUS_MOVE = YES;
				CLANG_WARN_UNGUARDED_AVAILABILITY = YES_AGGRESSIVE;
				CLANG_WARN_UNREACHABLE_CODE = YES;
				CLANG_WARN__DUPLICATE_METHOD_MATCH = YES;
				CODE_SIGN_IDENTITY = "iPhone Developer";
				COPY_PHASE_STRIP = NO;
				DEBUG_INFORMATION_FORMAT = "dwarf-with-dsym";
				ENABLE_NS_ASSERTIONS = NO;
				ENABLE_STRICT_OBJC_MSGSEND = YES;
				GCC_C_LANGUAGE_STANDARD = gnu11;
				GCC_NO_COMMON_BLOCKS = YES;
				GCC_WARN_64_TO_32_BIT_CONVERSION = YES;
				GCC_WARN_ABOUT_RETURN_TYPE = YES_ERROR;
				GCC_WARN_UNDECLARED_SELECTOR = YES;
				GCC_WARN_UNINITIALIZED_AUTOS = YES_AGGRESSIVE;
				GCC_WARN_UNUSED_FUNCTION = YES;
				GCC_WARN_UNUSED_VARIABLE = YES;
				IPHONEOS_DEPLOYMENT_TARGET = 12.2;
				MTL_ENABLE_DEBUG_INFO = NO;
				MTL_FAST_MATH = YES;
				SDKROOT = iphoneos;
				SWIFT_COMPILATION_MODE = wholemodule;
				SWIFT_OPTIMIZATION_LEVEL = "-O";
				VALIDATE_PRODUCT = YES;
			};
			name = Release;
		};
		2E0733A5228C7C5C00AA9F34 /* Debug */ = {
			isa = XCBuildConfiguration;
			baseConfigurationReference = 8B3120238DAE957E4BCB8CC1 /* Pods-ios-DatabaseKey.debug.xcconfig */;
			buildSettings = {
				ASSETCATALOG_COMPILER_APPICON_NAME = AppIcon;
				CODE_SIGN_STYLE = Automatic;
				DEVELOPMENT_TEAM = VT5GYGYX83;
				INFOPLIST_FILE = DatabaseKey/Info.plist;
				LD_RUNPATH_SEARCH_PATHS = (
					"$(inherited)",
					"@executable_path/Frameworks",
				);
				PRODUCT_BUNDLE_IDENTIFIER = "com.4th-a.DatabaseKey";
				PRODUCT_NAME = "$(TARGET_NAME)";
				SWIFT_VERSION = 5.0;
				TARGETED_DEVICE_FAMILY = "1,2";
			};
			name = Debug;
		};
		2E0733A6228C7C5C00AA9F34 /* Release */ = {
			isa = XCBuildConfiguration;
			baseConfigurationReference = 3B9AA91BAE42D742E63F136E /* Pods-ios-DatabaseKey.release.xcconfig */;
			buildSettings = {
				ASSETCATALOG_COMPILER_APPICON_NAME = AppIcon;
				CODE_SIGN_STYLE = Automatic;
				DEVELOPMENT_TEAM = VT5GYGYX83;
				INFOPLIST_FILE = DatabaseKey/Info.plist;
				LD_RUNPATH_SEARCH_PATHS = (
					"$(inherited)",
					"@executable_path/Frameworks",
				);
				PRODUCT_BUNDLE_IDENTIFIER = "com.4th-a.DatabaseKey";
				PRODUCT_NAME = "$(TARGET_NAME)";
				SWIFT_VERSION = 5.0;
				TARGETED_DEVICE_FAMILY = "1,2";
			};
			name = Release;
		};
/* End XCBuildConfiguration section */

/* Begin XCConfigurationList section */
		2E07338D228C7C5A00AA9F34 /* Build configuration list for PBXProject "DatabaseKey" */ = {
			isa = XCConfigurationList;
			buildConfigurations = (
				2E0733A2228C7C5C00AA9F34 /* Debug */,
				2E0733A3228C7C5C00AA9F34 /* Release */,
			);
			defaultConfigurationIsVisible = 0;
			defaultConfigurationName = Release;
		};
		2E0733A4228C7C5C00AA9F34 /* Build configuration list for PBXNativeTarget "DatabaseKey" */ = {
			isa = XCConfigurationList;
			buildConfigurations = (
				2E0733A5228C7C5C00AA9F34 /* Debug */,
				2E0733A6228C7C5C00AA9F34 /* Release */,
			);
			defaultConfigurationIsVisible = 0;
			defaultConfigurationName = Release;
		};
/* End XCConfigurationList section */
	};
	rootObject = 2E07338A228C7C5A00AA9F34 /* Project object */;
}
