// !$*UTF8*$!
{
	archiveVersion = 1;
	classes = {
	};
	objectVersion = 50;
	objects = {

/* Begin PBXBuildFile section */
		DBCF680148F22C655059DD97 /* Pods_WhatsZapp.framework in Frameworks */ = {isa = PBXBuildFile; fileRef = B762E8E1EFF12D554F8DD861 /* Pods_WhatsZapp.framework */; };
		DC1CEF02235BD875004B2EBC /* Conversation.swift in Sources */ = {isa = PBXBuildFile; fileRef = DC1CEF01235BD875004B2EBC /* Conversation.swift */; };
		DC1CEF35235E2C74004B2EBC /* Message.swift in Sources */ = {isa = PBXBuildFile; fileRef = DC1CEF34235E2C74004B2EBC /* Message.swift */; };
		DC1CEF3C235E3242004B2EBC /* DBManager.swift in Sources */ = {isa = PBXBuildFile; fileRef = DC1CEF3B235E3242004B2EBC /* DBManager.swift */; };
		DC76FC00235A96980013047B /* SceneDelegate.swift in Sources */ = {isa = PBXBuildFile; fileRef = DC76FBFF235A96980013047B /* SceneDelegate.swift */; };
		DC76FC02235A9A650013047B /* ConversationsViewController.swift in Sources */ = {isa = PBXBuildFile; fileRef = DC76FC01235A9A650013047B /* ConversationsViewController.swift */; };
		DC76FC04235AA3260013047B /* MainViewController.swift in Sources */ = {isa = PBXBuildFile; fileRef = DC76FC03235AA3260013047B /* MainViewController.swift */; };
		DC76FC07235AB25F0013047B /* IconTitleButton.swift in Sources */ = {isa = PBXBuildFile; fileRef = DC76FC06235AB25F0013047B /* IconTitleButton.swift */; };
		DC76FC09235AB5470013047B /* UIImage+scaling.swift in Sources */ = {isa = PBXBuildFile; fileRef = DC76FC08235AB5460013047B /* UIImage+scaling.swift */; };
		DC97C18F2356340700B46DA4 /* AppDelegate.swift in Sources */ = {isa = PBXBuildFile; fileRef = DC97C18E2356340700B46DA4 /* AppDelegate.swift */; };
		DC97C1932356340700B46DA4 /* RootViewController.swift in Sources */ = {isa = PBXBuildFile; fileRef = DC97C1922356340700B46DA4 /* RootViewController.swift */; };
		DC97C1962356340700B46DA4 /* Main.storyboard in Resources */ = {isa = PBXBuildFile; fileRef = DC97C1942356340700B46DA4 /* Main.storyboard */; };
		DC97C1982356341000B46DA4 /* Assets.xcassets in Resources */ = {isa = PBXBuildFile; fileRef = DC97C1972356341000B46DA4 /* Assets.xcassets */; };
		DC97C19B2356341000B46DA4 /* LaunchScreen.storyboard in Resources */ = {isa = PBXBuildFile; fileRef = DC97C1992356341000B46DA4 /* LaunchScreen.storyboard */; };
		DC97C1A323565FF000B46DA4 /* ZDCManager.swift in Sources */ = {isa = PBXBuildFile; fileRef = DC97C1A223565FF000B46DA4 /* ZDCManager.swift */; };
		DC97C1A52356682000B46DA4 /* CustomLogFormatter.swift in Sources */ = {isa = PBXBuildFile; fileRef = DC97C1A42356682000B46DA4 /* CustomLogFormatter.swift */; };
		DC97E49D2368A2A90022B25F /* ConversationTableViewCell.swift in Sources */ = {isa = PBXBuildFile; fileRef = DC97E49C2368A2A90022B25F /* ConversationTableViewCell.swift */; };
		DC97E4A12368F98B0022B25F /* BadgeLabel.swift in Sources */ = {isa = PBXBuildFile; fileRef = DC97E4A02368F98B0022B25F /* BadgeLabel.swift */; };
		DC97E4A3236909AA0022B25F /* Date+Extensions.swift in Sources */ = {isa = PBXBuildFile; fileRef = DC97E4A2236909AA0022B25F /* Date+Extensions.swift */; };
		DC97E4A52369F32C0022B25F /* MyMessagesViewController.swift in Sources */ = {isa = PBXBuildFile; fileRef = DC97E4A42369F32C0022B25F /* MyMessagesViewController.swift */; };
		DC97E4AF236CD26F0022B25F /* ConversationCloudJSON.swift in Sources */ = {isa = PBXBuildFile; fileRef = DC97E4AE236CD26F0022B25F /* ConversationCloudJSON.swift */; };
		DC97E4B2236CE5060022B25F /* MessageCloudJSON.swift in Sources */ = {isa = PBXBuildFile; fileRef = DC97E4B1236CE5060022B25F /* MessageCloudJSON.swift */; };
/* End PBXBuildFile section */

/* Begin PBXFileReference section */
		B762E8E1EFF12D554F8DD861 /* Pods_WhatsZapp.framework */ = {isa = PBXFileReference; explicitFileType = wrapper.framework; includeInIndex = 0; path = Pods_WhatsZapp.framework; sourceTree = BUILT_PRODUCTS_DIR; };
		DBD83FE7B08624940F82CB06 /* Pods-WhatsZapp.release.xcconfig */ = {isa = PBXFileReference; includeInIndex = 1; lastKnownFileType = text.xcconfig; name = "Pods-WhatsZapp.release.xcconfig"; path = "Target Support Files/Pods-WhatsZapp/Pods-WhatsZapp.release.xcconfig"; sourceTree = "<group>"; };
		DC1CEF01235BD875004B2EBC /* Conversation.swift */ = {isa = PBXFileReference; lastKnownFileType = sourcecode.swift; path = Conversation.swift; sourceTree = "<group>"; };
		DC1CEF34235E2C74004B2EBC /* Message.swift */ = {isa = PBXFileReference; lastKnownFileType = sourcecode.swift; path = Message.swift; sourceTree = "<group>"; };
		DC1CEF3B235E3242004B2EBC /* DBManager.swift */ = {isa = PBXFileReference; lastKnownFileType = sourcecode.swift; path = DBManager.swift; sourceTree = "<group>"; };
		DC76FBFF235A96980013047B /* SceneDelegate.swift */ = {isa = PBXFileReference; fileEncoding = 4; lastKnownFileType = sourcecode.swift; path = SceneDelegate.swift; sourceTree = "<group>"; };
		DC76FC01235A9A650013047B /* ConversationsViewController.swift */ = {isa = PBXFileReference; lastKnownFileType = sourcecode.swift; path = ConversationsViewController.swift; sourceTree = "<group>"; };
		DC76FC03235AA3260013047B /* MainViewController.swift */ = {isa = PBXFileReference; lastKnownFileType = sourcecode.swift; path = MainViewController.swift; sourceTree = "<group>"; };
		DC76FC06235AB25F0013047B /* IconTitleButton.swift */ = {isa = PBXFileReference; lastKnownFileType = sourcecode.swift; path = IconTitleButton.swift; sourceTree = "<group>"; };
		DC76FC08235AB5460013047B /* UIImage+scaling.swift */ = {isa = PBXFileReference; fileEncoding = 4; lastKnownFileType = sourcecode.swift; path = "UIImage+scaling.swift"; sourceTree = "<group>"; };
		DC97C18B2356340700B46DA4 /* WhatsZapp.app */ = {isa = PBXFileReference; explicitFileType = wrapper.application; includeInIndex = 0; path = WhatsZapp.app; sourceTree = BUILT_PRODUCTS_DIR; };
		DC97C18E2356340700B46DA4 /* AppDelegate.swift */ = {isa = PBXFileReference; lastKnownFileType = sourcecode.swift; path = AppDelegate.swift; sourceTree = "<group>"; };
		DC97C1922356340700B46DA4 /* RootViewController.swift */ = {isa = PBXFileReference; lastKnownFileType = sourcecode.swift; path = RootViewController.swift; sourceTree = "<group>"; };
		DC97C1952356340700B46DA4 /* Base */ = {isa = PBXFileReference; lastKnownFileType = file.storyboard; name = Base; path = Base.lproj/Main.storyboard; sourceTree = "<group>"; };
		DC97C1972356341000B46DA4 /* Assets.xcassets */ = {isa = PBXFileReference; lastKnownFileType = folder.assetcatalog; path = Assets.xcassets; sourceTree = "<group>"; };
		DC97C19A2356341000B46DA4 /* Base */ = {isa = PBXFileReference; lastKnownFileType = file.storyboard; name = Base; path = Base.lproj/LaunchScreen.storyboard; sourceTree = "<group>"; };
		DC97C19C2356341000B46DA4 /* Info.plist */ = {isa = PBXFileReference; lastKnownFileType = text.plist.xml; path = Info.plist; sourceTree = "<group>"; };
		DC97C1A223565FF000B46DA4 /* ZDCManager.swift */ = {isa = PBXFileReference; lastKnownFileType = sourcecode.swift; path = ZDCManager.swift; sourceTree = "<group>"; };
		DC97C1A42356682000B46DA4 /* CustomLogFormatter.swift */ = {isa = PBXFileReference; lastKnownFileType = sourcecode.swift; path = CustomLogFormatter.swift; sourceTree = "<group>"; };
		DC97C1A62358D8B900B46DA4 /* WhatsZapp.entitlements */ = {isa = PBXFileReference; lastKnownFileType = text.plist.entitlements; path = WhatsZapp.entitlements; sourceTree = "<group>"; };
		DC97E49C2368A2A90022B25F /* ConversationTableViewCell.swift */ = {isa = PBXFileReference; lastKnownFileType = sourcecode.swift; path = ConversationTableViewCell.swift; sourceTree = "<group>"; };
		DC97E4A02368F98B0022B25F /* BadgeLabel.swift */ = {isa = PBXFileReference; lastKnownFileType = sourcecode.swift; path = BadgeLabel.swift; sourceTree = "<group>"; };
		DC97E4A2236909AA0022B25F /* Date+Extensions.swift */ = {isa = PBXFileReference; lastKnownFileType = sourcecode.swift; path = "Date+Extensions.swift"; sourceTree = "<group>"; };
		DC97E4A42369F32C0022B25F /* MyMessagesViewController.swift */ = {isa = PBXFileReference; lastKnownFileType = sourcecode.swift; path = MyMessagesViewController.swift; sourceTree = "<group>"; };
		DC97E4AE236CD26F0022B25F /* ConversationCloudJSON.swift */ = {isa = PBXFileReference; lastKnownFileType = sourcecode.swift; path = ConversationCloudJSON.swift; sourceTree = "<group>"; };
		DC97E4B1236CE5060022B25F /* MessageCloudJSON.swift */ = {isa = PBXFileReference; lastKnownFileType = sourcecode.swift; path = MessageCloudJSON.swift; sourceTree = "<group>"; };
		FBBBD2B62B85DA6406E854FC /* Pods-WhatsZapp.debug.xcconfig */ = {isa = PBXFileReference; includeInIndex = 1; lastKnownFileType = text.xcconfig; name = "Pods-WhatsZapp.debug.xcconfig"; path = "Target Support Files/Pods-WhatsZapp/Pods-WhatsZapp.debug.xcconfig"; sourceTree = "<group>"; };
/* End PBXFileReference section */

/* Begin PBXFrameworksBuildPhase section */
		DC97C1882356340700B46DA4 /* Frameworks */ = {
			isa = PBXFrameworksBuildPhase;
			buildActionMask = 2147483647;
			files = (
				DBCF680148F22C655059DD97 /* Pods_WhatsZapp.framework in Frameworks */,
			);
			runOnlyForDeploymentPostprocessing = 0;
		};
/* End PBXFrameworksBuildPhase section */

/* Begin PBXGroup section */
		652C17A829CE474EB46D5646 /* Pods */ = {
			isa = PBXGroup;
			children = (
				FBBBD2B62B85DA6406E854FC /* Pods-WhatsZapp.debug.xcconfig */,
				DBD83FE7B08624940F82CB06 /* Pods-WhatsZapp.release.xcconfig */,
			);
			path = Pods;
			sourceTree = "<group>";
		};
		DC1CEF3A235E2D82004B2EBC /* Local Model */ = {
			isa = PBXGroup;
			children = (
				DC1CEF01235BD875004B2EBC /* Conversation.swift */,
				DC1CEF34235E2C74004B2EBC /* Message.swift */,
			);
			path = "Local Model";
			sourceTree = "<group>";
		};
		DC76FC0A235AB54F0013047B /* Utilities */ = {
			isa = PBXGroup;
			children = (
				DC97C1A42356682000B46DA4 /* CustomLogFormatter.swift */,
				DC76FC06235AB25F0013047B /* IconTitleButton.swift */,
				DC76FC08235AB5460013047B /* UIImage+scaling.swift */,
				DC97E4A02368F98B0022B25F /* BadgeLabel.swift */,
				DC97E4A2236909AA0022B25F /* Date+Extensions.swift */,
			);
			path = Utilities;
			sourceTree = "<group>";
		};
		DC97C1822356340700B46DA4 = {
			isa = PBXGroup;
			children = (
				DC97C18D2356340700B46DA4 /* WhatsZapp */,
				DC97C18C2356340700B46DA4 /* Products */,
				652C17A829CE474EB46D5646 /* Pods */,
				DECBCE259FD8F93FEA90FF3E /* Frameworks */,
			);
			sourceTree = "<group>";
		};
		DC97C18C2356340700B46DA4 /* Products */ = {
			isa = PBXGroup;
			children = (
				DC97C18B2356340700B46DA4 /* WhatsZapp.app */,
			);
			name = Products;
			sourceTree = "<group>";
		};
		DC97C18D2356340700B46DA4 /* WhatsZapp */ = {
			isa = PBXGroup;
			children = (
				DC97C1A62358D8B900B46DA4 /* WhatsZapp.entitlements */,
				DC97C18E2356340700B46DA4 /* AppDelegate.swift */,
				DC76FBFF235A96980013047B /* SceneDelegate.swift */,
				DC97C1922356340700B46DA4 /* RootViewController.swift */,
				DC76FC03235AA3260013047B /* MainViewController.swift */,
				DC76FC01235A9A650013047B /* ConversationsViewController.swift */,
				DC97E49C2368A2A90022B25F /* ConversationTableViewCell.swift */,
				DC97E4A42369F32C0022B25F /* MyMessagesViewController.swift */,
				DC97C1942356340700B46DA4 /* Main.storyboard */,
				DC97C1972356341000B46DA4 /* Assets.xcassets */,
				DC97C1992356341000B46DA4 /* LaunchScreen.storyboard */,
				DC97C19C2356341000B46DA4 /* Info.plist */,
				DCD07E3B23CA33EC0036A5BC /* Managers */,
				DC1CEF3A235E2D82004B2EBC /* Local Model */,
				DC97E4B0236CD2850022B25F /* Cloud Model */,
				DC76FC0A235AB54F0013047B /* Utilities */,
			);
			path = WhatsZapp;
			sourceTree = "<group>";
		};
		DC97E4B0236CD2850022B25F /* Cloud Model */ = {
			isa = PBXGroup;
			children = (
				DC97E4AE236CD26F0022B25F /* ConversationCloudJSON.swift */,
				DC97E4B1236CE5060022B25F /* MessageCloudJSON.swift */,
			);
			path = "Cloud Model";
			sourceTree = "<group>";
		};
		DCD07E3B23CA33EC0036A5BC /* Managers */ = {
			isa = PBXGroup;
			children = (
				DC1CEF3B235E3242004B2EBC /* DBManager.swift */,
				DC97C1A223565FF000B46DA4 /* ZDCManager.swift */,
			);
			path = Managers;
			sourceTree = "<group>";
		};
		DECBCE259FD8F93FEA90FF3E /* Frameworks */ = {
			isa = PBXGroup;
			children = (
				B762E8E1EFF12D554F8DD861 /* Pods_WhatsZapp.framework */,
			);
			name = Frameworks;
			sourceTree = "<group>";
		};
/* End PBXGroup section */

/* Begin PBXNativeTarget section */
		DC97C18A2356340700B46DA4 /* WhatsZapp */ = {
			isa = PBXNativeTarget;
			buildConfigurationList = DC97C19F2356341100B46DA4 /* Build configuration list for PBXNativeTarget "WhatsZapp" */;
			buildPhases = (
				D56BB0053887625F2D27CE8C /* [CP] Check Pods Manifest.lock */,
				DC97C1872356340700B46DA4 /* Sources */,
				DC97C1882356340700B46DA4 /* Frameworks */,
				DC97C1892356340700B46DA4 /* Resources */,
				01451E9A2A085CA51B044E88 /* [CP] Embed Pods Frameworks */,
			);
			buildRules = (
			);
			dependencies = (
			);
			name = WhatsZapp;
			productName = WhatsZapp;
			productReference = DC97C18B2356340700B46DA4 /* WhatsZapp.app */;
			productType = "com.apple.product-type.application";
		};
/* End PBXNativeTarget section */

/* Begin PBXProject section */
		DC97C1832356340700B46DA4 /* Project object */ = {
			isa = PBXProject;
			attributes = {
				LastSwiftUpdateCheck = 1100;
				LastUpgradeCheck = 1100;
				ORGANIZATIONNAME = "4th-A Technologies";
				TargetAttributes = {
					DC97C18A2356340700B46DA4 = {
						CreatedOnToolsVersion = 11.0;
					};
				};
			};
			buildConfigurationList = DC97C1862356340700B46DA4 /* Build configuration list for PBXProject "WhatsZapp" */;
			compatibilityVersion = "Xcode 9.3";
			developmentRegion = en;
			hasScannedForEncodings = 0;
			knownRegions = (
				en,
				Base,
			);
			mainGroup = DC97C1822356340700B46DA4;
			productRefGroup = DC97C18C2356340700B46DA4 /* Products */;
			projectDirPath = "";
			projectRoot = "";
			targets = (
				DC97C18A2356340700B46DA4 /* WhatsZapp */,
			);
		};
/* End PBXProject section */

/* Begin PBXResourcesBuildPhase section */
		DC97C1892356340700B46DA4 /* Resources */ = {
			isa = PBXResourcesBuildPhase;
			buildActionMask = 2147483647;
			files = (
				DC97C19B2356341000B46DA4 /* LaunchScreen.storyboard in Resources */,
				DC97C1982356341000B46DA4 /* Assets.xcassets in Resources */,
				DC97C1962356340700B46DA4 /* Main.storyboard in Resources */,
			);
			runOnlyForDeploymentPostprocessing = 0;
		};
/* End PBXResourcesBuildPhase section */

/* Begin PBXShellScriptBuildPhase section */
		01451E9A2A085CA51B044E88 /* [CP] Embed Pods Frameworks */ = {
			isa = PBXShellScriptBuildPhase;
			buildActionMask = 2147483647;
			files = (
			);
			inputFileListPaths = (
			);
			name = "[CP] Embed Pods Frameworks";
			outputFileListPaths = (
			);
			runOnlyForDeploymentPostprocessing = 0;
			shellPath = /bin/sh;
			shellScript = "\"${PODS_ROOT}/Target Support Files/Pods-WhatsZapp/Pods-WhatsZapp-frameworks.sh\"\n";
			showEnvVarsInLog = 0;
		};
		D56BB0053887625F2D27CE8C /* [CP] Check Pods Manifest.lock */ = {
			isa = PBXShellScriptBuildPhase;
			buildActionMask = 2147483647;
			files = (
			);
			inputFileListPaths = (
			);
			inputPaths = (
				"${PODS_PODFILE_DIR_PATH}/Podfile.lock",
				"${PODS_ROOT}/Manifest.lock",
			);
			name = "[CP] Check Pods Manifest.lock";
			outputFileListPaths = (
			);
			outputPaths = (
				"$(DERIVED_FILE_DIR)/Pods-WhatsZapp-checkManifestLockResult.txt",
			);
			runOnlyForDeploymentPostprocessing = 0;
			shellPath = /bin/sh;
			shellScript = "diff \"${PODS_PODFILE_DIR_PATH}/Podfile.lock\" \"${PODS_ROOT}/Manifest.lock\" > /dev/null\nif [ $? != 0 ] ; then\n    # print error to STDERR\n    echo \"error: The sandbox is not in sync with the Podfile.lock. Run 'pod install' or update your CocoaPods installation.\" >&2\n    exit 1\nfi\n# This output is used by Xcode 'outputs' to avoid re-running this script phase.\necho \"SUCCESS\" > \"${SCRIPT_OUTPUT_FILE_0}\"\n";
			showEnvVarsInLog = 0;
		};
/* End PBXShellScriptBuildPhase section */

/* Begin PBXSourcesBuildPhase section */
		DC97C1872356340700B46DA4 /* Sources */ = {
			isa = PBXSourcesBuildPhase;
			buildActionMask = 2147483647;
			files = (
				DC76FC04235AA3260013047B /* MainViewController.swift in Sources */,
				DC76FC00235A96980013047B /* SceneDelegate.swift in Sources */,
				DC97E4B2236CE5060022B25F /* MessageCloudJSON.swift in Sources */,
				DC97C1932356340700B46DA4 /* RootViewController.swift in Sources */,
				DC97C18F2356340700B46DA4 /* AppDelegate.swift in Sources */,
				DC97E4A12368F98B0022B25F /* BadgeLabel.swift in Sources */,
				DC76FC02235A9A650013047B /* ConversationsViewController.swift in Sources */,
				DC97E4A52369F32C0022B25F /* MyMessagesViewController.swift in Sources */,
				DC1CEF02235BD875004B2EBC /* Conversation.swift in Sources */,
				DC97C1A52356682000B46DA4 /* CustomLogFormatter.swift in Sources */,
				DC97E4A3236909AA0022B25F /* Date+Extensions.swift in Sources */,
				DC1CEF3C235E3242004B2EBC /* DBManager.swift in Sources */,
				DC97C1A323565FF000B46DA4 /* ZDCManager.swift in Sources */,
				DC97E49D2368A2A90022B25F /* ConversationTableViewCell.swift in Sources */,
				DC1CEF35235E2C74004B2EBC /* Message.swift in Sources */,
				DC76FC09235AB5470013047B /* UIImage+scaling.swift in Sources */,
				DC97E4AF236CD26F0022B25F /* ConversationCloudJSON.swift in Sources */,
				DC76FC07235AB25F0013047B /* IconTitleButton.swift in Sources */,
			);
			runOnlyForDeploymentPostprocessing = 0;
		};
/* End PBXSourcesBuildPhase section */

/* Begin PBXVariantGroup section */
		DC97C1942356340700B46DA4 /* Main.storyboard */ = {
			isa = PBXVariantGroup;
			children = (
				DC97C1952356340700B46DA4 /* Base */,
			);
			name = Main.storyboard;
			sourceTree = "<group>";
		};
		DC97C1992356341000B46DA4 /* LaunchScreen.storyboard */ = {
			isa = PBXVariantGroup;
			children = (
				DC97C19A2356341000B46DA4 /* Base */,
			);
			name = LaunchScreen.storyboard;
			sourceTree = "<group>";
		};
/* End PBXVariantGroup section */

/* Begin XCBuildConfiguration section */
		DC97C19D2356341100B46DA4 /* Debug */ = {
			isa = XCBuildConfiguration;
			buildSettings = {
				ALWAYS_SEARCH_USER_PATHS = NO;
				CLANG_ANALYZER_NONNULL = YES;
				CLANG_ANALYZER_NUMBER_OBJECT_CONVERSION = YES_AGGRESSIVE;
				CLANG_CXX_LANGUAGE_STANDARD = "gnu++14";
				CLANG_CXX_LIBRARY = "libc++";
				CLANG_ENABLE_MODULES = YES;
				CLANG_ENABLE_OBJC_ARC = YES;
				CLANG_ENABLE_OBJC_WEAK = YES;
				CLANG_WARN_BLOCK_CAPTURE_AUTORELEASING = YES;
				CLANG_WARN_BOOL_CONVERSION = YES;
				CLANG_WARN_COMMA = YES;
				CLANG_WARN_CONSTANT_CONVERSION = YES;
				CLANG_WARN_DEPRECATED_OBJC_IMPLEMENTATIONS = YES;
				CLANG_WARN_DIRECT_OBJC_ISA_USAGE = YES_ERROR;
				CLANG_WARN_DOCUMENTATION_COMMENTS = YES;
				CLANG_WARN_EMPTY_BODY = YES;
				CLANG_WARN_ENUM_CONVERSION = YES;
				CLANG_WARN_INFINITE_RECURSION = YES;
				CLANG_WARN_INT_CONVERSION = YES;
				CLANG_WARN_NON_LITERAL_NULL_CONVERSION = YES;
				CLANG_WARN_OBJC_IMPLICIT_RETAIN_SELF = YES;
				CLANG_WARN_OBJC_LITERAL_CONVERSION = YES;
				CLANG_WARN_OBJC_ROOT_CLASS = YES_ERROR;
				CLANG_WARN_RANGE_LOOP_ANALYSIS = YES;
				CLANG_WARN_STRICT_PROTOTYPES = YES;
				CLANG_WARN_SUSPICIOUS_MOVE = YES;
				CLANG_WARN_UNGUARDED_AVAILABILITY = YES_AGGRESSIVE;
				CLANG_WARN_UNREACHABLE_CODE = YES;
				CLANG_WARN__DUPLICATE_METHOD_MATCH = YES;
				COPY_PHASE_STRIP = NO;
				DEBUG_INFORMATION_FORMAT = dwarf;
				ENABLE_STRICT_OBJC_MSGSEND = YES;
				ENABLE_TESTABILITY = YES;
				GCC_C_LANGUAGE_STANDARD = gnu11;
				GCC_DYNAMIC_NO_PIC = NO;
				GCC_NO_COMMON_BLOCKS = YES;
				GCC_OPTIMIZATION_LEVEL = 0;
				GCC_PREPROCESSOR_DEFINITIONS = (
					"DEBUG=1",
					"$(inherited)",
				);
				GCC_WARN_64_TO_32_BIT_CONVERSION = YES;
				GCC_WARN_ABOUT_RETURN_TYPE = YES_ERROR;
				GCC_WARN_UNDECLARED_SELECTOR = YES;
				GCC_WARN_UNINITIALIZED_AUTOS = YES_AGGRESSIVE;
				GCC_WARN_UNUSED_FUNCTION = YES;
				GCC_WARN_UNUSED_VARIABLE = YES;
				IPHONEOS_DEPLOYMENT_TARGET = 13.0;
				MTL_ENABLE_DEBUG_INFO = INCLUDE_SOURCE;
				MTL_FAST_MATH = YES;
				ONLY_ACTIVE_ARCH = YES;
				SDKROOT = iphoneos;
				SWIFT_ACTIVE_COMPILATION_CONDITIONS = DEBUG;
				SWIFT_OPTIMIZATION_LEVEL = "-Onone";
			};
			name = Debug;
		};
		DC97C19E2356341100B46DA4 /* Release */ = {
			isa = XCBuildConfiguration;
			buildSettings = {
				ALWAYS_SEARCH_USER_PATHS = NO;
				CLANG_ANALYZER_NONNULL = YES;
				CLANG_ANALYZER_NUMBER_OBJECT_CONVERSION = YES_AGGRESSIVE;
				CLANG_CXX_LANGUAGE_STANDARD = "gnu++14";
				CLANG_CXX_LIBRARY = "libc++";
				CLANG_ENABLE_MODULES = YES;
				CLANG_ENABLE_OBJC_ARC = YES;
				CLANG_ENABLE_OBJC_WEAK = YES;
				CLANG_WARN_BLOCK_CAPTURE_AUTORELEASING = YES;
				CLANG_WARN_BOOL_CONVERSION = YES;
				CLANG_WARN_COMMA = YES;
				CLANG_WARN_CONSTANT_CONVERSION = YES;
				CLANG_WARN_DEPRECATED_OBJC_IMPLEMENTATIONS = YES;
				CLANG_WARN_DIRECT_OBJC_ISA_USAGE = YES_ERROR;
				CLANG_WARN_DOCUMENTATION_COMMENTS = YES;
				CLANG_WARN_EMPTY_BODY = YES;
				CLANG_WARN_ENUM_CONVERSION = YES;
				CLANG_WARN_INFINITE_RECURSION = YES;
				CLANG_WARN_INT_CONVERSION = YES;
				CLANG_WARN_NON_LITERAL_NULL_CONVERSION = YES;
				CLANG_WARN_OBJC_IMPLICIT_RETAIN_SELF = YES;
				CLANG_WARN_OBJC_LITERAL_CONVERSION = YES;
				CLANG_WARN_OBJC_ROOT_CLASS = YES_ERROR;
				CLANG_WARN_RANGE_LOOP_ANALYSIS = YES;
				CLANG_WARN_STRICT_PROTOTYPES = YES;
				CLANG_WARN_SUSPICIOUS_MOVE = YES;
				CLANG_WARN_UNGUARDED_AVAILABILITY = YES_AGGRESSIVE;
				CLANG_WARN_UNREACHABLE_CODE = YES;
				CLANG_WARN__DUPLICATE_METHOD_MATCH = YES;
				COPY_PHASE_STRIP = NO;
				DEBUG_INFORMATION_FORMAT = "dwarf-with-dsym";
				ENABLE_NS_ASSERTIONS = NO;
				ENABLE_STRICT_OBJC_MSGSEND = YES;
				GCC_C_LANGUAGE_STANDARD = gnu11;
				GCC_NO_COMMON_BLOCKS = YES;
				GCC_WARN_64_TO_32_BIT_CONVERSION = YES;
				GCC_WARN_ABOUT_RETURN_TYPE = YES_ERROR;
				GCC_WARN_UNDECLARED_SELECTOR = YES;
				GCC_WARN_UNINITIALIZED_AUTOS = YES_AGGRESSIVE;
				GCC_WARN_UNUSED_FUNCTION = YES;
				GCC_WARN_UNUSED_VARIABLE = YES;
				IPHONEOS_DEPLOYMENT_TARGET = 13.0;
				MTL_ENABLE_DEBUG_INFO = NO;
				MTL_FAST_MATH = YES;
				SDKROOT = iphoneos;
				SWIFT_COMPILATION_MODE = wholemodule;
				SWIFT_OPTIMIZATION_LEVEL = "-O";
				VALIDATE_PRODUCT = YES;
			};
			name = Release;
		};
		DC97C1A02356341100B46DA4 /* Debug */ = {
			isa = XCBuildConfiguration;
			baseConfigurationReference = FBBBD2B62B85DA6406E854FC /* Pods-WhatsZapp.debug.xcconfig */;
			buildSettings = {
				ASSETCATALOG_COMPILER_APPICON_NAME = AppIcon;
				CODE_SIGN_ENTITLEMENTS = WhatsZapp/WhatsZapp.entitlements;
				CODE_SIGN_STYLE = Automatic;
				DEBUG_ACTIVITY_MODE = "";
				"DEBUG_ACTIVITY_MODE[sdk=iphonesimulator*]" = disable;
				DEVELOPMENT_TEAM = VT5GYGYX83;
				INFOPLIST_FILE = WhatsZapp/Info.plist;
				LD_RUNPATH_SEARCH_PATHS = (
					"$(inherited)",
					"@executable_path/Frameworks",
				);
				PRODUCT_BUNDLE_IDENTIFIER = "com.4th-a.WhatsZapp";
				PRODUCT_NAME = "$(TARGET_NAME)";
				SWIFT_VERSION = 5.0;
				TARGETED_DEVICE_FAMILY = "1,2";
			};
			name = Debug;
		};
		DC97C1A12356341100B46DA4 /* Release */ = {
			isa = XCBuildConfiguration;
			baseConfigurationReference = DBD83FE7B08624940F82CB06 /* Pods-WhatsZapp.release.xcconfig */;
			buildSettings = {
				ASSETCATALOG_COMPILER_APPICON_NAME = AppIcon;
				CODE_SIGN_ENTITLEMENTS = WhatsZapp/WhatsZapp.entitlements;
				CODE_SIGN_STYLE = Automatic;
				DEBUG_ACTIVITY_MODE = "";
				DEVELOPMENT_TEAM = VT5GYGYX83;
				INFOPLIST_FILE = WhatsZapp/Info.plist;
				LD_RUNPATH_SEARCH_PATHS = (
					"$(inherited)",
					"@executable_path/Frameworks",
				);
				PRODUCT_BUNDLE_IDENTIFIER = "com.4th-a.WhatsZapp";
				PRODUCT_NAME = "$(TARGET_NAME)";
				SWIFT_VERSION = 5.0;
				TARGETED_DEVICE_FAMILY = "1,2";
			};
			name = Release;
		};
/* End XCBuildConfiguration section */

/* Begin XCConfigurationList section */
		DC97C1862356340700B46DA4 /* Build configuration list for PBXProject "WhatsZapp" */ = {
			isa = XCConfigurationList;
			buildConfigurations = (
				DC97C19D2356341100B46DA4 /* Debug */,
				DC97C19E2356341100B46DA4 /* Release */,
			);
			defaultConfigurationIsVisible = 0;
			defaultConfigurationName = Release;
		};
		DC97C19F2356341100B46DA4 /* Build configuration list for PBXNativeTarget "WhatsZapp" */ = {
			isa = XCConfigurationList;
			buildConfigurations = (
				DC97C1A02356341100B46DA4 /* Debug */,
				DC97C1A12356341100B46DA4 /* Release */,
			);
			defaultConfigurationIsVisible = 0;
			defaultConfigurationName = Release;
		};
/* End XCConfigurationList section */
	};
	rootObject = DC97C1832356340700B46DA4 /* Project object */;
}
